
Microsoft Visual Studio Solution File, Format Version 12.00
# Visual Studio 14
VisualStudioVersion = 14.0.24720.0
MinimumVisualStudioVersion = 10.0.40219.1
Project("{FAE04EC0-301F-11D3-BF4B-00C04F79EFBC}") = "TestAndQualAssign", "TestAndQualAssign\TestAndQualAssign.csproj", "{85C8C772-16BC-497E-AA9F-5A760055B18E}"
EndProject
Project("{FAE04EC0-301F-11D3-BF4B-00C04F79EFBC}") = "FitTest", "FitTest\FitTest.csproj", "{826D2A8E-B03D-4071-86B0-8560DF24EB2B}"
EndProject
Project("{FAE04EC0-301F-11D3-BF4B-00C04F79EFBC}") = "NUnitTest", "NUnitTest\NUnitTest.csproj", "{84763B45-D6FA-4F2E-BBEB-DC083104C4C6}"
EndProject
Global
	GlobalSection(SolutionConfigurationPlatforms) = preSolution
		Debug|Any CPU = Debug|Any CPU
		Release|Any CPU = Release|Any CPU
	EndGlobalSection
	GlobalSection(ProjectConfigurationPlatforms) = postSolution
		{85C8C772-16BC-497E-AA9F-5A760055B18E}.Debug|Any CPU.ActiveCfg = Debug|Any CPU
		{85C8C772-16BC-497E-AA9F-5A760055B18E}.Debug|Any CPU.Build.0 = Debug|Any CPU
		{85C8C772-16BC-497E-AA9F-5A760055B18E}.Release|Any CPU.ActiveCfg = Release|Any CPU
		{85C8C772-16BC-497E-AA9F-5A760055B18E}.Release|Any CPU.Build.0 = Release|Any CPU
		{826D2A8E-B03D-4071-86B0-8560DF24EB2B}.Debug|Any CPU.ActiveCfg = Debug|Any CPU
		{826D2A8E-B03D-4071-86B0-8560DF24EB2B}.Debug|Any CPU.Build.0 = Debug|Any CPU
		{826D2A8E-B03D-4071-86B0-8560DF24EB2B}.Release|Any CPU.ActiveCfg = Release|Any CPU
		{826D2A8E-B03D-4071-86B0-8560DF24EB2B}.Release|Any CPU.Build.0 = Release|Any CPU
		{84763B45-D6FA-4F2E-BBEB-DC083104C4C6}.Debug|Any CPU.ActiveCfg = Debug|Any CPU
		{84763B45-D6FA-4F2E-BBEB-DC083104C4C6}.Debug|Any CPU.Build.0 = Debug|Any CPU
		{84763B45-D6FA-4F2E-BBEB-DC083104C4C6}.Release|Any CPU.ActiveCfg = Release|Any CPU
		{84763B45-D6FA-4F2E-BBEB-DC083104C4C6}.Release|Any CPU.Build.0 = Release|Any CPU
	EndGlobalSection
	GlobalSection(SolutionProperties) = preSolution
		HideSolutionNode = FALSE
	EndGlobalSection
EndGlobal
